<?xml version="1.0" encoding="utf-8"?>
<Project ToolsVersion="4.0" xmlns="http://schemas.microsoft.com/developer/msbuild/2003">
  <ItemGroup>
    <Filter Include="Archivos de encabezado">
      <UniqueIdentifier>{93995380-89BD-4b04-88EB-625FBE52EBFB}</UniqueIdentifier>
      <Extensions>h;hh;hpp;hxx;h++;hm;inl;inc;ipp;xsd</Extensions>
    </Filter>
    <Filter Include="Archivos de recursos">
      <UniqueIdentifier>{67DA6AB6-F800-4c08-8B7A-83BB121AAD01}</UniqueIdentifier>
      <Extensions>rc;ico;cur;bmp;dlg;rc2;rct;bin;rgs;gif;jpg;jpeg;jpe;resx;tiff;tif;png;wav;mfcribbon-ms</Extensions>
    </Filter>
    <Filter Include="src">
      <UniqueIdentifier>{e33a2d84-b938-4e8a-8571-9bfdaaa4013e}</UniqueIdentifier>
    </Filter>
    <Filter Include="include">
      <UniqueIdentifier>{c8a2a586-6422-40ec-9ca1-fc47bda3c816}</UniqueIdentifier>
    </Filter>
  </ItemGroup>
  <ItemGroup>
    <ClCompile Include="src\main.cpp">
      <Filter>src</Filter>
    </ClCompile>
    <ClCompile Include="src\Engine.cpp">
      <Filter>src</Filter>
    </ClCompile>
    <ClCompile Include="src\GUI.cpp">
      <Filter>src</Filter>
    </ClCompile>
    <ClCompile Include="src\MenuScene.cpp">
      <Filter>src</Filter>
    </ClCompile>
    <ClCompile Include="src\PlayScene.cpp">
      <Filter>src</Filter>
    </ClCompile>
    <ClCompile Include="src\SceneManager.cpp">
      <Filter>src</Filter>
    </ClCompile>
    <ClCompile Include="src\FlappyBirdScene.cpp">
      <Filter>src</Filter>
    </ClCompile>
    <ClCompile Include="src\InstructionsScene.cpp">
      <Filter>src</Filter>
    </ClCompile>
    <ClCompile Include="src\GameOverScene.cpp">
      <Filter>src</Filter>
    </ClCompile>
  </ItemGroup>
  <ItemGroup>
    <ClInclude Include="include\Engine.h">
      <Filter>include</Filter>
    </ClInclude>
    <ClInclude Include="include\Bodies.h">
      <Filter>include</Filter>
    </ClInclude>
    <ClInclude Include="include\Entity.h">
      <Filter>include</Filter>
    </ClInclude>
    <ClInclude Include="include\EventManager.h">
      <Filter>include</Filter>
    </ClInclude>
    <ClInclude Include="include\EventTypes.h">
      <Filter>include</Filter>
    </ClInclude>
    <ClInclude Include="include\GUI.h">
      <Filter>include</Filter>
    </ClInclude>
    <ClInclude Include="include\Log.h">
      <Filter>include</Filter>
    </ClInclude>
    <ClInclude Include="include\MenuScene.h">
      <Filter>include</Filter>
    </ClInclude>
    <ClInclude Include="include\PhysicsEntity.h">
      <Filter>include</Filter>
    </ClInclude>
    <ClInclude Include="include\PhysicsSystem.h">
      <Filter>include</Filter>
    </ClInclude>
    <ClInclude Include="include\PlayScene.h">
      <Filter>include</Filter>
    </ClInclude>
    <ClInclude Include="include\raygui.h">
      <Filter>include</Filter>
    </ClInclude>
    <ClInclude Include="include\ResourceManager.h">
      <Filter>include</Filter>
    </ClInclude>
    <ClInclude Include="include\Scene.h">
      <Filter>include</Filter>
    </ClInclude>
    <ClInclude Include="include\SceneManager.h">
      <Filter>include</Filter>
    </ClInclude>
    <ClInclude Include="include\Bird.h">
      <Filter>include</Filter>
    </ClInclude>
    <ClInclude Include="include\Pipe.h">
      <Filter>include</Filter>
    </ClInclude>
    <ClInclude Include="include\FlappyBirdScene.h">
      <Filter>include</Filter>
    </ClInclude>
    <ClInclude Include="include\HUD.h">
      <Filter>include</Filter>
    </ClInclude>
    <ClInclude Include="include\InstructionsScene.h">
      <Filter>include</Filter>
    </ClInclude>
    <ClInclude Include="include\GameOverScene.h">
      <Filter>include</Filter>
    </ClInclude>
  </ItemGroup>
</Project>